
Microsoft Visual Studio Solution File, Format Version 12.00
# Visual Studio Version 16
VisualStudioVersion = 25.0.1705.4
MinimumVisualStudioVersion = 10.0.40219.1
Project("{FAE04EC0-301F-11D3-BF4B-00C04F79EFBC}") = "IndexerExample", "IndexerExample.csproj", "{149C1F55-55C8-425F-9D35-29DF3F52ACD1}"
EndProject
Global
	GlobalSection(SolutionConfigurationPlatforms) = preSolution
		Debug|Any CPU = Debug|Any CPU
		Release|Any CPU = Release|Any CPU
	EndGlobalSection
	GlobalSection(ProjectConfigurationPlatforms) = postSolution
		{149C1F55-55C8-425F-9D35-29DF3F52ACD1}.Debug|Any CPU.ActiveCfg = Debug|Any CPU
		{149C1F55-55C8-425F-9D35-29DF3F52ACD1}.Debug|Any CPU.Build.0 = Debug|Any CPU
		{149C1F55-55C8-425F-9D35-29DF3F52ACD1}.Release|Any CPU.ActiveCfg = Release|Any CPU
		{149C1F55-55C8-425F-9D35-29DF3F52ACD1}.Release|Any CPU.Build.0 = Release|Any CPU
	EndGlobalSection
	GlobalSection(SolutionProperties) = preSolution
		HideSolutionNode = FALSE
	EndGlobalSection
	GlobalSection(ExtensibilityGlobals) = postSolution
		SolutionGuid = {BA8E000E-9367-4174-99B2-B8529658DB8A}
	EndGlobalSection
EndGlobal
